
Microsoft Visual Studio Solution File, Format Version 12.00
# Visual Studio 14
VisualStudioVersion = 14.0.25420.1
MinimumVisualStudioVersion = 10.0.40219.1
Project("{2150E333-8FDC-42A3-9474-1A3956D46DE8}") = "src", "src", "{2BBBD9B4-3E81-4678-AE5A-4AA518548E97}"
EndProject
Project("{2150E333-8FDC-42A3-9474-1A3956D46DE8}") = "Solution Items", "Solution Items", "{9271898A-C712-493B-A732-6AE50F055A17}"
	ProjectSection(SolutionItems) = preProject
		global.json = global.json
		LICENSE = LICENSE
		README.md = README.md
		ToDo.txt = ToDo.txt
	EndProjectSection
EndProject
Project("{8BB2217D-0F2D-49D1-97BC-3654ED321F3B}") = "HGV.AD.Web", "src\HGV.AD.Web\HGV.AD.Web.xproj", "{AA7C3A39-5513-4142-A209-C3EED47A7CB3}"
EndProject
Global
	GlobalSection(SolutionConfigurationPlatforms) = preSolution
		Debug|Any CPU = Debug|Any CPU
		Release|Any CPU = Release|Any CPU
	EndGlobalSection
	GlobalSection(ProjectConfigurationPlatforms) = postSolution
		{AA7C3A39-5513-4142-A209-C3EED47A7CB3}.Debug|Any CPU.ActiveCfg = Debug|Any CPU
		{AA7C3A39-5513-4142-A209-C3EED47A7CB3}.Debug|Any CPU.Build.0 = Debug|Any CPU
		{AA7C3A39-5513-4142-A209-C3EED47A7CB3}.Release|Any CPU.ActiveCfg = Release|Any CPU
		{AA7C3A39-5513-4142-A209-C3EED47A7CB3}.Release|Any CPU.Build.0 = Release|Any CPU
	EndGlobalSection
	GlobalSection(SolutionProperties) = preSolution
		HideSolutionNode = FALSE
	EndGlobalSection
	GlobalSection(NestedProjects) = preSolution
		{AA7C3A39-5513-4142-A209-C3EED47A7CB3} = {2BBBD9B4-3E81-4678-AE5A-4AA518548E97}
	EndGlobalSection
EndGlobal
